{
  "version": 4,
  "terraform_version": "1.14.6",
  "serial": 19,
  "lineage": "023f2283-a6fb-4b5f-13d4-99bb8358a653",
  "outputs": {
    "server_ipv4": {
      "value": "188.245.126.65",
      "type": "string"
    },
    "server_ipv6": {
      "value": "2a01:4f8:c17:a7d6::1",
      "type": "string"
    },
    "ssh_command": {
      "value": "ssh root@188.245.126.65",
      "type": "string"
    },
    "url": {
      "value": "http://188.245.126.65",
      "type": "string"
    }
  },
  "resources": [
    {
      "mode": "managed",
      "type": "hcloud_firewall",
      "name": "euro_office",
      "provider": "provider[\"registry.terraform.io/hetznercloud/hcloud\"]",
      "instances": [
        {
          "schema_version": 0,
          "attributes": {
            "apply_to": [
              {
                "label_selector": "",
                "server": 134630587
              }
            ],
            "id": "11054463",
            "labels": {},
            "name": "euro-office",
            "rule": [
              {
                "description": "",
                "destination_ips": [],
                "direction": "in",
                "port": "22",
                "protocol": "tcp",
                "source_ips": [
                  "0.0.0.0/0",
                  "::/0"
                ]
              },
              {
                "description": "",
                "destination_ips": [],
                "direction": "in",
                "port": "443",
                "protocol": "tcp",
                "source_ips": [
                  "0.0.0.0/0",
                  "::/0"
                ]
              },
              {
                "description": "",
                "destination_ips": [],
                "direction": "in",
                "port": "80",
                "protocol": "tcp",
                "source_ips": [
                  "0.0.0.0/0",
                  "::/0"
                ]
              }
            ]
          },
          "sensitive_attributes": [],
          "identity_schema_version": 0,
          "private": "bnVsbA=="
        }
      ]
    },
    {
      "mode": "managed",
      "type": "hcloud_ssh_key",
      "name": "default",
      "provider": "provider[\"registry.terraform.io/hetznercloud/hcloud\"]",
      "instances": [
        {
          "schema_version": 0,
          "attributes": {
            "fingerprint": "cf:55:7a:12:26:99:fd:65:ac:a6:4f:3b:50:63:b9:f2",
            "id": "113101655",
            "labels": {},
            "name": "euro-office-deploy",
            "public_key": "ssh-ed25519 AAAAC3NzaC1lZDI1NTE5AAAAINFSovSbu9Ny4WDCV+kS9OWuUiK0lC6o6O4mISIL3VFJ fitzsimmonsgiuseppe@gmail.com"
          },
          "sensitive_attributes": [],
          "identity_schema_version": 0
        }
      ]
    },
    {
      "mode": "managed",
      "type": "minio_s3_bucket",
      "name": "files",
      "provider": "provider[\"registry.terraform.io/aminueza/minio\"]",
      "instances": [
        {
          "status": "tainted",
          "schema_version": 0,
          "attributes": {
            "acl": "private",
            "arn": null,
            "bucket": "euro-office-files",
            "bucket_domain_name": null,
            "bucket_prefix": null,
            "force_destroy": false,
            "id": "euro-office-files",
            "object_locking": false,
            "quota": null,
            "tags": null
          },
          "sensitive_attributes": [],
          "identity_schema_version": 0,
          "private": "bnVsbA=="
        }
      ]
    }
  ],
  "check_results": null
}
